// !$*UTF8*$!
{
	archiveVersion = 1;
	classes = {
	};
	objectVersion = 56;
	objects = {

/* Begin PBXBuildFile section */
		4898398229A702FD004FAADF /* NotesApp Watch App.app in Embed Watch Content */ = {isa = PBXBuildFile; fileRef = 4898398129A702FD004FAADF /* NotesApp Watch App.app */; settings = {ATTRIBUTES = (RemoveHeadersOnCopy, ); }; };
		4898398729A702FD004FAADF /* NotesAppApp.swift in Sources */ = {isa = PBXBuildFile; fileRef = 4898398629A702FD004FAADF /* NotesAppApp.swift */; };
		4898398929A702FD004FAADF /* ContentView.swift in Sources */ = {isa = PBXBuildFile; fileRef = 4898398829A702FD004FAADF /* ContentView.swift */; };
		4898398B29A702FF004FAADF /* Assets.xcassets in Resources */ = {isa = PBXBuildFile; fileRef = 4898398A29A702FF004FAADF /* Assets.xcassets */; };
		4898398E29A702FF004FAADF /* Preview Assets.xcassets in Resources */ = {isa = PBXBuildFile; fileRef = 4898398D29A702FF004FAADF /* Preview Assets.xcassets */; };
		4898399929A706DB004FAADF /* Note.swift in Sources */ = {isa = PBXBuildFile; fileRef = 4898399829A706DB004FAADF /* Note.swift */; };
		4898399B29A7084D004FAADF /* AddNote.swift in Sources */ = {isa = PBXBuildFile; fileRef = 4898399A29A7084D004FAADF /* AddNote.swift */; };
		4898399D29A9A543004FAADF /* ListNote.swift in Sources */ = {isa = PBXBuildFile; fileRef = 4898399C29A9A542004FAADF /* ListNote.swift */; };
		4898399F29A9AEC9004FAADF /* DetailNote.swift in Sources */ = {isa = PBXBuildFile; fileRef = 4898399E29A9AEC9004FAADF /* DetailNote.swift */; };
		489839A129A9BB97004FAADF /* Tools.swift in Sources */ = {isa = PBXBuildFile; fileRef = 489839A029A9BB97004FAADF /* Tools.swift */; };
/* End PBXBuildFile section */

/* Begin PBXContainerItemProxy section */
		4898398329A702FD004FAADF /* PBXContainerItemProxy */ = {
			isa = PBXContainerItemProxy;
			containerPortal = 4898397529A702FC004FAADF /* Project object */;
			proxyType = 1;
			remoteGlobalIDString = 4898398029A702FD004FAADF;
			remoteInfo = "NotesApp Watch App";
		};
/* End PBXContainerItemProxy section */

/* Begin PBXCopyFilesBuildPhase section */
		4898399429A702FF004FAADF /* Embed Watch Content */ = {
			isa = PBXCopyFilesBuildPhase;
			buildActionMask = 2147483647;
			dstPath = "$(CONTENTS_FOLDER_PATH)/Watch";
			dstSubfolderSpec = 16;
			files = (
				4898398229A702FD004FAADF /* NotesApp Watch App.app in Embed Watch Content */,
			);
			name = "Embed Watch Content";
			runOnlyForDeploymentPostprocessing = 0;
		};
/* End PBXCopyFilesBuildPhase section */

/* Begin PBXFileReference section */
		4898397B29A702FD004FAADF /* NotesApp.app */ = {isa = PBXFileReference; explicitFileType = wrapper.application; includeInIndex = 0; path = NotesApp.app; sourceTree = BUILT_PRODUCTS_DIR; };
		4898398129A702FD004FAADF /* NotesApp Watch App.app */ = {isa = PBXFileReference; explicitFileType = wrapper.application; includeInIndex = 0; path = "NotesApp Watch App.app"; sourceTree = BUILT_PRODUCTS_DIR; };
		4898398629A702FD004FAADF /* NotesAppApp.swift */ = {isa = PBXFileReference; lastKnownFileType = sourcecode.swift; path = NotesAppApp.swift; sourceTree = "<group>"; };
		4898398829A702FD004FAADF /* ContentView.swift */ = {isa = PBXFileReference; lastKnownFileType = sourcecode.swift; path = ContentView.swift; sourceTree = "<group>"; };
		4898398A29A702FF004FAADF /* Assets.xcassets */ = {isa = PBXFileReference; lastKnownFileType = folder.assetcatalog; path = Assets.xcassets; sourceTree = "<group>"; };
		4898398D29A702FF004FAADF /* Preview Assets.xcassets */ = {isa = PBXFileReference; lastKnownFileType = folder.assetcatalog; path = "Preview Assets.xcassets"; sourceTree = "<group>"; };
		4898399829A706DB004FAADF /* Note.swift */ = {isa = PBXFileReference; lastKnownFileType = sourcecode.swift; path = Note.swift; sourceTree = "<group>"; };
		4898399A29A7084D004FAADF /* AddNote.swift */ = {isa = PBXFileReference; lastKnownFileType = sourcecode.swift; path = AddNote.swift; sourceTree = "<group>"; };
		4898399C29A9A542004FAADF /* ListNote.swift */ = {isa = PBXFileReference; lastKnownFileType = sourcecode.swift; path = ListNote.swift; sourceTree = "<group>"; };
		4898399E29A9AEC9004FAADF /* DetailNote.swift */ = {isa = PBXFileReference; lastKnownFileType = sourcecode.swift; path = DetailNote.swift; sourceTree = "<group>"; };
		489839A029A9BB97004FAADF /* Tools.swift */ = {isa = PBXFileReference; lastKnownFileType = sourcecode.swift; path = Tools.swift; sourceTree = "<group>"; };
/* End PBXFileReference section */

/* Begin PBXFrameworksBuildPhase section */
		4898397E29A702FD004FAADF /* Frameworks */ = {
			isa = PBXFrameworksBuildPhase;
			buildActionMask = 2147483647;
			files = (
			);
			runOnlyForDeploymentPostprocessing = 0;
		};
/* End PBXFrameworksBuildPhase section */

/* Begin PBXGroup section */
		4898397429A702FC004FAADF = {
			isa = PBXGroup;
			children = (
				4898398529A702FD004FAADF /* NotesApp Watch App */,
				4898397C29A702FD004FAADF /* Products */,
			);
			sourceTree = "<group>";
		};
		4898397C29A702FD004FAADF /* Products */ = {
			isa = PBXGroup;
			children = (
				4898397B29A702FD004FAADF /* NotesApp.app */,
				4898398129A702FD004FAADF /* NotesApp Watch App.app */,
			);
			name = Products;
			sourceTree = "<group>";
		};
		4898398529A702FD004FAADF /* NotesApp Watch App */ = {
			isa = PBXGroup;
			children = (
				4898398629A702FD004FAADF /* NotesAppApp.swift */,
				4898398829A702FD004FAADF /* ContentView.swift */,
				4898399A29A7084D004FAADF /* AddNote.swift */,
				4898399E29A9AEC9004FAADF /* DetailNote.swift */,
				4898399C29A9A542004FAADF /* ListNote.swift */,
				4898399829A706DB004FAADF /* Note.swift */,
				489839A029A9BB97004FAADF /* Tools.swift */,
				4898398A29A702FF004FAADF /* Assets.xcassets */,
				4898398C29A702FF004FAADF /* Preview Content */,
			);
			path = "NotesApp Watch App";
			sourceTree = "<group>";
		};
		4898398C29A702FF004FAADF /* Preview Content */ = {
			isa = PBXGroup;
			children = (
				4898398D29A702FF004FAADF /* Preview Assets.xcassets */,
			);
			path = "Preview Content";
			sourceTree = "<group>";
		};
/* End PBXGroup section */

/* Begin PBXNativeTarget section */
		4898397A29A702FC004FAADF /* NotesApp */ = {
			isa = PBXNativeTarget;
			buildConfigurationList = 4898399529A702FF004FAADF /* Build configuration list for PBXNativeTarget "NotesApp" */;
			buildPhases = (
				4898397929A702FC004FAADF /* Resources */,
				4898399429A702FF004FAADF /* Embed Watch Content */,
			);
			buildRules = (
			);
			dependencies = (
				4898398429A702FD004FAADF /* PBXTargetDependency */,
			);
			name = NotesApp;
			productName = NotesApp;
			productReference = 4898397B29A702FD004FAADF /* NotesApp.app */;
			productType = "com.apple.product-type.application.watchapp2-container";
		};
		4898398029A702FD004FAADF /* NotesApp Watch App */ = {
			isa = PBXNativeTarget;
			buildConfigurationList = 4898399129A702FF004FAADF /* Build configuration list for PBXNativeTarget "NotesApp Watch App" */;
			buildPhases = (
				4898397D29A702FD004FAADF /* Sources */,
				4898397E29A702FD004FAADF /* Frameworks */,
				4898397F29A702FD004FAADF /* Resources */,
			);
			buildRules = (
			);
			dependencies = (
			);
			name = "NotesApp Watch App";
			productName = "NotesApp Watch App";
			productReference = 4898398129A702FD004FAADF /* NotesApp Watch App.app */;
			productType = "com.apple.product-type.application";
		};
/* End PBXNativeTarget section */

/* Begin PBXProject section */
		4898397529A702FC004FAADF /* Project object */ = {
			isa = PBXProject;
			attributes = {
				BuildIndependentTargetsInParallel = 1;
				LastSwiftUpdateCheck = 1420;
				LastUpgradeCheck = 1420;
				TargetAttributes = {
					4898397A29A702FC004FAADF = {
						CreatedOnToolsVersion = 14.2;
					};
					4898398029A702FD004FAADF = {
						CreatedOnToolsVersion = 14.2;
					};
				};
			};
			buildConfigurationList = 4898397829A702FC004FAADF /* Build configuration list for PBXProject "NotesApp" */;
			compatibilityVersion = "Xcode 14.0";
			developmentRegion = en;
			hasScannedForEncodings = 0;
			knownRegions = (
				en,
				Base,
			);
			mainGroup = 4898397429A702FC004FAADF;
			productRefGroup = 4898397C29A702FD004FAADF /* Products */;
			projectDirPath = "";
			projectRoot = "";
			targets = (
				4898397A29A702FC004FAADF /* NotesApp */,
				4898398029A702FD004FAADF /* NotesApp Watch App */,
			);
		};
/* End PBXProject section */

/* Begin PBXResourcesBuildPhase section */
		4898397929A702FC004FAADF /* Resources */ = {
			isa = PBXResourcesBuildPhase;
			buildActionMask = 2147483647;
			files = (
			);
			runOnlyForDeploymentPostprocessing = 0;
		};
		4898397F29A702FD004FAADF /* Resources */ = {
			isa = PBXResourcesBuildPhase;
			buildActionMask = 2147483647;
			files = (
				4898398E29A702FF004FAADF /* Preview Assets.xcassets in Resources */,
				4898398B29A702FF004FAADF /* Assets.xcassets in Resources */,
			);
			runOnlyForDeploymentPostprocessing = 0;
		};
/* End PBXResourcesBuildPhase section */

/* Begin PBXSourcesBuildPhase section */
		4898397D29A702FD004FAADF /* Sources */ = {
			isa = PBXSourcesBuildPhase;
			buildActionMask = 2147483647;
			files = (
				4898398929A702FD004FAADF /* ContentView.swift in Sources */,
				4898398729A702FD004FAADF /* NotesAppApp.swift in Sources */,
				4898399F29A9AEC9004FAADF /* DetailNote.swift in Sources */,
				4898399929A706DB004FAADF /* Note.swift in Sources */,
				489839A129A9BB97004FAADF /* Tools.swift in Sources */,
				4898399B29A7084D004FAADF /* AddNote.swift in Sources */,
				4898399D29A9A543004FAADF /* ListNote.swift in Sources */,
			);
			runOnlyForDeploymentPostprocessing = 0;
		};
/* End PBXSourcesBuildPhase section */

/* Begin PBXTargetDependency section */
		4898398429A702FD004FAADF /* PBXTargetDependency */ = {
			isa = PBXTargetDependency;
			target = 4898398029A702FD004FAADF /* NotesApp Watch App */;
			targetProxy = 4898398329A702FD004FAADF /* PBXContainerItemProxy */;
		};
/* End PBXTargetDependency section */

/* Begin XCBuildConfiguration section */
		4898398F29A702FF004FAADF /* Debug */ = {
			isa = XCBuildConfiguration;
			buildSettings = {
				ALWAYS_SEARCH_USER_PATHS = NO;
				CLANG_ANALYZER_NONNULL = YES;
				CLANG_ANALYZER_NUMBER_OBJECT_CONVERSION = YES_AGGRESSIVE;
				CLANG_CXX_LANGUAGE_STANDARD = "gnu++20";
				CLANG_ENABLE_MODULES = YES;
				CLANG_ENABLE_OBJC_ARC = YES;
				CLANG_ENABLE_OBJC_WEAK = YES;
				CLANG_WARN_BLOCK_CAPTURE_AUTORELEASING = YES;
				CLANG_WARN_BOOL_CONVERSION = YES;
				CLANG_WARN_COMMA = YES;
				CLANG_WARN_CONSTANT_CONVERSION = YES;
				CLANG_WARN_DEPRECATED_OBJC_IMPLEMENTATIONS = YES;
				CLANG_WARN_DIRECT_OBJC_ISA_USAGE = YES_ERROR;
				CLANG_WARN_DOCUMENTATION_COMMENTS = YES;
				CLANG_WARN_EMPTY_BODY = YES;
				CLANG_WARN_ENUM_CONVERSION = YES;
				CLANG_WARN_INFINITE_RECURSION = YES;
				CLANG_WARN_INT_CONVERSION = YES;
				CLANG_WARN_NON_LITERAL_NULL_CONVERSION = YES;
				CLANG_WARN_OBJC_IMPLICIT_RETAIN_SELF = YES;
				CLANG_WARN_OBJC_LITERAL_CONVERSION = YES;
				CLANG_WARN_OBJC_ROOT_CLASS = YES_ERROR;
				CLANG_WARN_QUOTED_INCLUDE_IN_FRAMEWORK_HEADER = YES;
				CLANG_WARN_RANGE_LOOP_ANALYSIS = YES;
				CLANG_WARN_STRICT_PROTOTYPES = YES;
				CLANG_WARN_SUSPICIOUS_MOVE = YES;
				CLANG_WARN_UNGUARDED_AVAILABILITY = YES_AGGRESSIVE;
				CLANG_WARN_UNREACHABLE_CODE = YES;
				CLANG_WARN__DUPLICATE_METHOD_MATCH = YES;
				COPY_PHASE_STRIP = NO;
				DEBUG_INFORMATION_FORMAT = dwarf;
				ENABLE_STRICT_OBJC_MSGSEND = YES;
				ENABLE_TESTABILITY = YES;
				GCC_C_LANGUAGE_STANDARD = gnu11;
				GCC_DYNAMIC_NO_PIC = NO;
				GCC_NO_COMMON_BLOCKS = YES;
				GCC_OPTIMIZATION_LEVEL = 0;
				GCC_PREPROCESSOR_DEFINITIONS = (
					"DEBUG=1",
					"$(inherited)",
				);
				GCC_WARN_64_TO_32_BIT_CONVERSION = YES;
				GCC_WARN_ABOUT_RETURN_TYPE = YES_ERROR;
				GCC_WARN_UNDECLARED_SELECTOR = YES;
				GCC_WARN_UNINITIALIZED_AUTOS = YES_AGGRESSIVE;
				GCC_WARN_UNUSED_FUNCTION = YES;
				GCC_WARN_UNUSED_VARIABLE = YES;
				MTL_ENABLE_DEBUG_INFO = INCLUDE_SOURCE;
				MTL_FAST_MATH = YES;
				ONLY_ACTIVE_ARCH = YES;
				SWIFT_ACTIVE_COMPILATION_CONDITIONS = DEBUG;
				SWIFT_OPTIMIZATION_LEVEL = "-Onone";
			};
			name = Debug;
		};
		4898399029A702FF004FAADF /* Release */ = {
			isa = XCBuildConfiguration;
			buildSettings = {
				ALWAYS_SEARCH_USER_PATHS = NO;
				CLANG_ANALYZER_NONNULL = YES;
				CLANG_ANALYZER_NUMBER_OBJECT_CONVERSION = YES_AGGRESSIVE;
				CLANG_CXX_LANGUAGE_STANDARD = "gnu++20";
				CLANG_ENABLE_MODULES = YES;
				CLANG_ENABLE_OBJC_ARC = YES;
				CLANG_ENABLE_OBJC_WEAK = YES;
				CLANG_WARN_BLOCK_CAPTURE_AUTORELEASING = YES;
				CLANG_WARN_BOOL_CONVERSION = YES;
				CLANG_WARN_COMMA = YES;
				CLANG_WARN_CONSTANT_CONVERSION = YES;
				CLANG_WARN_DEPRECATED_OBJC_IMPLEMENTATIONS = YES;
				CLANG_WARN_DIRECT_OBJC_ISA_USAGE = YES_ERROR;
				CLANG_WARN_DOCUMENTATION_COMMENTS = YES;
				CLANG_WARN_EMPTY_BODY = YES;
				CLANG_WARN_ENUM_CONVERSION = YES;
				CLANG_WARN_INFINITE_RECURSION = YES;
				CLANG_WARN_INT_CONVERSION = YES;
				CLANG_WARN_NON_LITERAL_NULL_CONVERSION = YES;
				CLANG_WARN_OBJC_IMPLICIT_RETAIN_SELF = YES;
				CLANG_WARN_OBJC_LITERAL_CONVERSION = YES;
				CLANG_WARN_OBJC_ROOT_CLASS = YES_ERROR;
				CLANG_WARN_QUOTED_INCLUDE_IN_FRAMEWORK_HEADER = YES;
				CLANG_WARN_RANGE_LOOP_ANALYSIS = YES;
				CLANG_WARN_STRICT_PROTOTYPES = YES;
				CLANG_WARN_SUSPICIOUS_MOVE = YES;
				CLANG_WARN_UNGUARDED_AVAILABILITY = YES_AGGRESSIVE;
				CLANG_WARN_UNREACHABLE_CODE = YES;
				CLANG_WARN__DUPLICATE_METHOD_MATCH = YES;
				COPY_PHASE_STRIP = NO;
				DEBUG_INFORMATION_FORMAT = "dwarf-with-dsym";
				ENABLE_NS_ASSERTIONS = NO;
				ENABLE_STRICT_OBJC_MSGSEND = YES;
				GCC_C_LANGUAGE_STANDARD = gnu11;
				GCC_NO_COMMON_BLOCKS = YES;
				GCC_WARN_64_TO_32_BIT_CONVERSION = YES;
				GCC_WARN_ABOUT_RETURN_TYPE = YES_ERROR;
				GCC_WARN_UNDECLARED_SELECTOR = YES;
				GCC_WARN_UNINITIALIZED_AUTOS = YES_AGGRESSIVE;
				GCC_WARN_UNUSED_FUNCTION = YES;
				GCC_WARN_UNUSED_VARIABLE = YES;
				MTL_ENABLE_DEBUG_INFO = NO;
				MTL_FAST_MATH = YES;
				SWIFT_COMPILATION_MODE = wholemodule;
				SWIFT_OPTIMIZATION_LEVEL = "-O";
			};
			name = Release;
		};
		4898399229A702FF004FAADF /* Debug */ = {
			isa = XCBuildConfiguration;
			buildSettings = {
				ASSETCATALOG_COMPILER_APPICON_NAME = AppIcon;
				ASSETCATALOG_COMPILER_GLOBAL_ACCENT_COLOR_NAME = AccentColor;
				CODE_SIGN_STYLE = Automatic;
				CURRENT_PROJECT_VERSION = 1;
				DEVELOPMENT_ASSET_PATHS = "\"NotesApp Watch App/Preview Content\"";
				DEVELOPMENT_TEAM = 28UNC76MDZ;
				ENABLE_PREVIEWS = YES;
				GENERATE_INFOPLIST_FILE = YES;
				INFOPLIST_KEY_CFBundleDisplayName = NotesApp;
				INFOPLIST_KEY_UISupportedInterfaceOrientations = "UIInterfaceOrientationPortrait UIInterfaceOrientationPortraitUpsideDown";
				INFOPLIST_KEY_WKWatchOnly = YES;
				LD_RUNPATH_SEARCH_PATHS = (
					"$(inherited)",
					"@executable_path/Frameworks",
				);
				MARKETING_VERSION = 1.0;
				PRODUCT_BUNDLE_IDENTIFIER = com.oscarmyerston.NotesApp.watchkitapp;
				PRODUCT_NAME = "$(TARGET_NAME)";
				SDKROOT = watchos;
				SKIP_INSTALL = YES;
				SWIFT_EMIT_LOC_STRINGS = YES;
				SWIFT_VERSION = 5.0;
				TARGETED_DEVICE_FAMILY = 4;
				WATCHOS_DEPLOYMENT_TARGET = 9.1;
			};
			name = Debug;
		};
		4898399329A702FF004FAADF /* Release */ = {
			isa = XCBuildConfiguration;
			buildSettings = {
				ASSETCATALOG_COMPILER_APPICON_NAME = AppIcon;
				ASSETCATALOG_COMPILER_GLOBAL_ACCENT_COLOR_NAME = AccentColor;
				CODE_SIGN_STYLE = Automatic;
				CURRENT_PROJECT_VERSION = 1;
				DEVELOPMENT_ASSET_PATHS = "\"NotesApp Watch App/Preview Content\"";
				DEVELOPMENT_TEAM = 28UNC76MDZ;
				ENABLE_PREVIEWS = YES;
				GENERATE_INFOPLIST_FILE = YES;
				INFOPLIST_KEY_CFBundleDisplayName = NotesApp;
				INFOPLIST_KEY_UISupportedInterfaceOrientations = "UIInterfaceOrientationPortrait UIInterfaceOrientationPortraitUpsideDown";
				INFOPLIST_KEY_WKWatchOnly = YES;
				LD_RUNPATH_SEARCH_PATHS = (
					"$(inherited)",
					"@executable_path/Frameworks",
				);
				MARKETING_VERSION = 1.0;
				PRODUCT_BUNDLE_IDENTIFIER = com.oscarmyerston.NotesApp.watchkitapp;
				PRODUCT_NAME = "$(TARGET_NAME)";
				SDKROOT = watchos;
				SKIP_INSTALL = YES;
				SWIFT_EMIT_LOC_STRINGS = YES;
				SWIFT_VERSION = 5.0;
				TARGETED_DEVICE_FAMILY = 4;
				VALIDATE_PRODUCT = YES;
				WATCHOS_DEPLOYMENT_TARGET = 9.1;
			};
			name = Release;
		};
		4898399629A702FF004FAADF /* Debug */ = {
			isa = XCBuildConfiguration;
			buildSettings = {
				ALWAYS_EMBED_SWIFT_STANDARD_LIBRARIES = YES;
				CODE_SIGN_STYLE = Automatic;
				CURRENT_PROJECT_VERSION = 1;
				DEVELOPMENT_TEAM = 28UNC76MDZ;
				INFOPLIST_KEY_CFBundleDisplayName = NotesApp;
				MARKETING_VERSION = 1.0;
				PRODUCT_BUNDLE_IDENTIFIER = com.oscarmyerston.NotesApp;
				PRODUCT_NAME = "$(TARGET_NAME)";
				SDKROOT = iphoneos;
				SWIFT_VERSION = 5.0;
			};
			name = Debug;
		};
		4898399729A702FF004FAADF /* Release */ = {
			isa = XCBuildConfiguration;
			buildSettings = {
				ALWAYS_EMBED_SWIFT_STANDARD_LIBRARIES = YES;
				CODE_SIGN_STYLE = Automatic;
				CURRENT_PROJECT_VERSION = 1;
				DEVELOPMENT_TEAM = 28UNC76MDZ;
				INFOPLIST_KEY_CFBundleDisplayName = NotesApp;
				MARKETING_VERSION = 1.0;
				PRODUCT_BUNDLE_IDENTIFIER = com.oscarmyerston.NotesApp;
				PRODUCT_NAME = "$(TARGET_NAME)";
				SDKROOT = iphoneos;
				SWIFT_VERSION = 5.0;
				VALIDATE_PRODUCT = YES;
			};
			name = Release;
		};
/* End XCBuildConfiguration section */

/* Begin XCConfigurationList section */
		4898397829A702FC004FAADF /* Build configuration list for PBXProject "NotesApp" */ = {
			isa = XCConfigurationList;
			buildConfigurations = (
				4898398F29A702FF004FAADF /* Debug */,
				4898399029A702FF004FAADF /* Release */,
			);
			defaultConfigurationIsVisible = 0;
			defaultConfigurationName = Release;
		};
		4898399129A702FF004FAADF /* Build configuration list for PBXNativeTarget "NotesApp Watch App" */ = {
			isa = XCConfigurationList;
			buildConfigurations = (
				4898399229A702FF004FAADF /* Debug */,
				4898399329A702FF004FAADF /* Release */,
			);
			defaultConfigurationIsVisible = 0;
			defaultConfigurationName = Release;
		};
		4898399529A702FF004FAADF /* Build configuration list for PBXNativeTarget "NotesApp" */ = {
			isa = XCConfigurationList;
			buildConfigurations = (
				4898399629A702FF004FAADF /* Debug */,
				4898399729A702FF004FAADF /* Release */,
			);
			defaultConfigurationIsVisible = 0;
			defaultConfigurationName = Release;
		};
/* End XCConfigurationList section */
	};
	rootObject = 4898397529A702FC004FAADF /* Project object */;
}
